# This file is automatically @generated by Cargo.
# It is not intended for manual editing.
version = 4

[[package]]
name = "cinder-themes-check"
version = "0.1.0"
dependencies = [
 "flint-core",
]

[[package]]
name = "flint-core"
version = "0.2.1"
source = "git+https://github.com/superwilso/flint?branch=main#5ba18abe98cda8218c3dc29023bc92f3d7e75922"
